
Microsoft Visual Studio Solution File, Format Version 12.00
# Visual Studio Version 17
VisualStudioVersion = 17.2.32630.192
MinimumVisualStudioVersion = 10.0.40219.1
Project("{FAE04EC0-301F-11D3-BF4B-00C04F79EFBC}") = "Studio2", "Studio2\Studio2.csproj", "{6C8047BE-D76E-4E10-962F-2A6626F73714}"
EndProject
Global
	GlobalSection(SolutionConfigurationPlatforms) = preSolution
		Debug|Any CPU = Debug|Any CPU
		Release|Any CPU = Release|Any CPU
	EndGlobalSection
	GlobalSection(ProjectConfigurationPlatforms) = postSolution
		{6C8047BE-D76E-4E10-962F-2A6626F73714}.Debug|Any CPU.ActiveCfg = Debug|Any CPU
		{6C8047BE-D76E-4E10-962F-2A6626F73714}.Debug|Any CPU.Build.0 = Debug|Any CPU
		{6C8047BE-D76E-4E10-962F-2A6626F73714}.Release|Any CPU.ActiveCfg = Release|Any CPU
		{6C8047BE-D76E-4E10-962F-2A6626F73714}.Release|Any CPU.Build.0 = Release|Any CPU
	EndGlobalSection
	GlobalSection(SolutionProperties) = preSolution
		HideSolutionNode = FALSE
	EndGlobalSection
	GlobalSection(ExtensibilityGlobals) = postSolution
		SolutionGuid = {AF7B548F-A6A8-4764-9094-04C2DA8F0714}
	EndGlobalSection
EndGlobal
